// !$*UTF8*$!
{
	archiveVersion = 1;
	classes = {
	};
	objectVersion = 56;
	objects = {

/* Begin PBXBuildFile section */
		0800680229C93CAB0025BF1D /* WhatChaUp2App.swift in Sources */ = {isa = PBXBuildFile; fileRef = 0800680129C93CAB0025BF1D /* WhatChaUp2App.swift */; };
		0800680429C93CAB0025BF1D /* ContentView.swift in Sources */ = {isa = PBXBuildFile; fileRef = 0800680329C93CAB0025BF1D /* ContentView.swift */; };
		0800680629C93CAB0025BF1D /* Assets.xcassets in Resources */ = {isa = PBXBuildFile; fileRef = 0800680529C93CAB0025BF1D /* Assets.xcassets */; };
		0800680929C93CAB0025BF1D /* Preview Assets.xcassets in Resources */ = {isa = PBXBuildFile; fileRef = 0800680829C93CAB0025BF1D /* Preview Assets.xcassets */; };
		0800681329C93CAC0025BF1D /* WhatChaUp2Tests.swift in Sources */ = {isa = PBXBuildFile; fileRef = 0800681229C93CAC0025BF1D /* WhatChaUp2Tests.swift */; };
		0800681D29C93CAC0025BF1D /* WhatChaUp2UITests.swift in Sources */ = {isa = PBXBuildFile; fileRef = 0800681C29C93CAC0025BF1D /* WhatChaUp2UITests.swift */; };
		0800681F29C93CAC0025BF1D /* WhatChaUp2UITestsLaunchTests.swift in Sources */ = {isa = PBXBuildFile; fileRef = 0800681E29C93CAC0025BF1D /* WhatChaUp2UITestsLaunchTests.swift */; };
/* End PBXBuildFile section */

/* Begin PBXContainerItemProxy section */
		0800680F29C93CAC0025BF1D /* PBXContainerItemProxy */ = {
			isa = PBXContainerItemProxy;
			containerPortal = 080067F629C93CAB0025BF1D /* Project object */;
			proxyType = 1;
			remoteGlobalIDString = 080067FD29C93CAB0025BF1D;
			remoteInfo = WhatChaUp2;
		};
		0800681929C93CAC0025BF1D /* PBXContainerItemProxy */ = {
			isa = PBXContainerItemProxy;
			containerPortal = 080067F629C93CAB0025BF1D /* Project object */;
			proxyType = 1;
			remoteGlobalIDString = 080067FD29C93CAB0025BF1D;
			remoteInfo = WhatChaUp2;
		};
/* End PBXContainerItemProxy section */

/* Begin PBXFileReference section */
		080067FE29C93CAB0025BF1D /* WhatChaUp2.app */ = {isa = PBXFileReference; explicitFileType = wrapper.application; includeInIndex = 0; path = WhatChaUp2.app; sourceTree = BUILT_PRODUCTS_DIR; };
		0800680129C93CAB0025BF1D /* WhatChaUp2App.swift */ = {isa = PBXFileReference; lastKnownFileType = sourcecode.swift; path = WhatChaUp2App.swift; sourceTree = "<group>"; };
		0800680329C93CAB0025BF1D /* ContentView.swift */ = {isa = PBXFileReference; lastKnownFileType = sourcecode.swift; path = ContentView.swift; sourceTree = "<group>"; };
		0800680529C93CAB0025BF1D /* Assets.xcassets */ = {isa = PBXFileReference; lastKnownFileType = folder.assetcatalog; path = Assets.xcassets; sourceTree = "<group>"; };
		0800680829C93CAB0025BF1D /* Preview Assets.xcassets */ = {isa = PBXFileReference; lastKnownFileType = folder.assetcatalog; path = "Preview Assets.xcassets"; sourceTree = "<group>"; };
		0800680E29C93CAC0025BF1D /* WhatChaUp2Tests.xctest */ = {isa = PBXFileReference; explicitFileType = wrapper.cfbundle; includeInIndex = 0; path = WhatChaUp2Tests.xctest; sourceTree = BUILT_PRODUCTS_DIR; };
		0800681229C93CAC0025BF1D /* WhatChaUp2Tests.swift */ = {isa = PBXFileReference; lastKnownFileType = sourcecode.swift; path = WhatChaUp2Tests.swift; sourceTree = "<group>"; };
		0800681829C93CAC0025BF1D /* WhatChaUp2UITests.xctest */ = {isa = PBXFileReference; explicitFileType = wrapper.cfbundle; includeInIndex = 0; path = WhatChaUp2UITests.xctest; sourceTree = BUILT_PRODUCTS_DIR; };
		0800681C29C93CAC0025BF1D /* WhatChaUp2UITests.swift */ = {isa = PBXFileReference; lastKnownFileType = sourcecode.swift; path = WhatChaUp2UITests.swift; sourceTree = "<group>"; };
		0800681E29C93CAC0025BF1D /* WhatChaUp2UITestsLaunchTests.swift */ = {isa = PBXFileReference; lastKnownFileType = sourcecode.swift; path = WhatChaUp2UITestsLaunchTests.swift; sourceTree = "<group>"; };
/* End PBXFileReference section */

/* Begin PBXFrameworksBuildPhase section */
		080067FB29C93CAB0025BF1D /* Frameworks */ = {
			isa = PBXFrameworksBuildPhase;
			buildActionMask = 2147483647;
			files = (
			);
			runOnlyForDeploymentPostprocessing = 0;
		};
		0800680B29C93CAC0025BF1D /* Frameworks */ = {
			isa = PBXFrameworksBuildPhase;
			buildActionMask = 2147483647;
			files = (
			);
			runOnlyForDeploymentPostprocessing = 0;
		};
		0800681529C93CAC0025BF1D /* Frameworks */ = {
			isa = PBXFrameworksBuildPhase;
			buildActionMask = 2147483647;
			files = (
			);
			runOnlyForDeploymentPostprocessing = 0;
		};
/* End PBXFrameworksBuildPhase section */

/* Begin PBXGroup section */
		080067F529C93CAB0025BF1D = {
			isa = PBXGroup;
			children = (
				0800680029C93CAB0025BF1D /* WhatChaUp2 */,
				0800681129C93CAC0025BF1D /* WhatChaUp2Tests */,
				0800681B29C93CAC0025BF1D /* WhatChaUp2UITests */,
				080067FF29C93CAB0025BF1D /* Products */,
			);
			sourceTree = "<group>";
		};
		080067FF29C93CAB0025BF1D /* Products */ = {
			isa = PBXGroup;
			children = (
				080067FE29C93CAB0025BF1D /* WhatChaUp2.app */,
				0800680E29C93CAC0025BF1D /* WhatChaUp2Tests.xctest */,
				0800681829C93CAC0025BF1D /* WhatChaUp2UITests.xctest */,
			);
			name = Products;
			sourceTree = "<group>";
		};
		0800680029C93CAB0025BF1D /* WhatChaUp2 */ = {
			isa = PBXGroup;
			children = (
				0800680129C93CAB0025BF1D /* WhatChaUp2App.swift */,
				0800680329C93CAB0025BF1D /* ContentView.swift */,
				0800680529C93CAB0025BF1D /* Assets.xcassets */,
				0800680729C93CAB0025BF1D /* Preview Content */,
			);
			path = WhatChaUp2;
			sourceTree = "<group>";
		};
		0800680729C93CAB0025BF1D /* Preview Content */ = {
			isa = PBXGroup;
			children = (
				0800680829C93CAB0025BF1D /* Preview Assets.xcassets */,
			);
			path = "Preview Content";
			sourceTree = "<group>";
		};
		0800681129C93CAC0025BF1D /* WhatChaUp2Tests */ = {
			isa = PBXGroup;
			children = (
				0800681229C93CAC0025BF1D /* WhatChaUp2Tests.swift */,
			);
			path = WhatChaUp2Tests;
			sourceTree = "<group>";
		};
		0800681B29C93CAC0025BF1D /* WhatChaUp2UITests */ = {
			isa = PBXGroup;
			children = (
				0800681C29C93CAC0025BF1D /* WhatChaUp2UITests.swift */,
				0800681E29C93CAC0025BF1D /* WhatChaUp2UITestsLaunchTests.swift */,
			);
			path = WhatChaUp2UITests;
			sourceTree = "<group>";
		};
/* End PBXGroup section */

/* Begin PBXNativeTarget section */
		080067FD29C93CAB0025BF1D /* WhatChaUp2 */ = {
			isa = PBXNativeTarget;
			buildConfigurationList = 0800682229C93CAC0025BF1D /* Build configuration list for PBXNativeTarget "WhatChaUp2" */;
			buildPhases = (
				080067FA29C93CAB0025BF1D /* Sources */,
				080067FB29C93CAB0025BF1D /* Frameworks */,
				080067FC29C93CAB0025BF1D /* Resources */,
			);
			buildRules = (
			);
			dependencies = (
			);
			name = WhatChaUp2;
			productName = WhatChaUp2;
			productReference = 080067FE29C93CAB0025BF1D /* WhatChaUp2.app */;
			productType = "com.apple.product-type.application";
		};
		0800680D29C93CAC0025BF1D /* WhatChaUp2Tests */ = {
			isa = PBXNativeTarget;
			buildConfigurationList = 0800682529C93CAC0025BF1D /* Build configuration list for PBXNativeTarget "WhatChaUp2Tests" */;
			buildPhases = (
				0800680A29C93CAC0025BF1D /* Sources */,
				0800680B29C93CAC0025BF1D /* Frameworks */,
				0800680C29C93CAC0025BF1D /* Resources */,
			);
			buildRules = (
			);
			dependencies = (
				0800681029C93CAC0025BF1D /* PBXTargetDependency */,
			);
			name = WhatChaUp2Tests;
			productName = WhatChaUp2Tests;
			productReference = 0800680E29C93CAC0025BF1D /* WhatChaUp2Tests.xctest */;
			productType = "com.apple.product-type.bundle.unit-test";
		};
		0800681729C93CAC0025BF1D /* WhatChaUp2UITests */ = {
			isa = PBXNativeTarget;
			buildConfigurationList = 0800682829C93CAC0025BF1D /* Build configuration list for PBXNativeTarget "WhatChaUp2UITests" */;
			buildPhases = (
				0800681429C93CAC0025BF1D /* Sources */,
				0800681529C93CAC0025BF1D /* Frameworks */,
				0800681629C93CAC0025BF1D /* Resources */,
			);
			buildRules = (
			);
			dependencies = (
				0800681A29C93CAC0025BF1D /* PBXTargetDependency */,
			);
			name = WhatChaUp2UITests;
			productName = WhatChaUp2UITests;
			productReference = 0800681829C93CAC0025BF1D /* WhatChaUp2UITests.xctest */;
			productType = "com.apple.product-type.bundle.ui-testing";
		};
/* End PBXNativeTarget section */

/* Begin PBXProject section */
		080067F629C93CAB0025BF1D /* Project object */ = {
			isa = PBXProject;
			attributes = {
				BuildIndependentTargetsInParallel = 1;
				LastSwiftUpdateCheck = 1420;
				LastUpgradeCheck = 1420;
				TargetAttributes = {
					080067FD29C93CAB0025BF1D = {
						CreatedOnToolsVersion = 14.2;
					};
					0800680D29C93CAC0025BF1D = {
						CreatedOnToolsVersion = 14.2;
						TestTargetID = 080067FD29C93CAB0025BF1D;
					};
					0800681729C93CAC0025BF1D = {
						CreatedOnToolsVersion = 14.2;
						TestTargetID = 080067FD29C93CAB0025BF1D;
					};
				};
			};
			buildConfigurationList = 080067F929C93CAB0025BF1D /* Build configuration list for PBXProject "WhatChaUp2" */;
			compatibilityVersion = "Xcode 14.0";
			developmentRegion = en;
			hasScannedForEncodings = 0;
			knownRegions = (
				en,
				Base,
			);
			mainGroup = 080067F529C93CAB0025BF1D;
			productRefGroup = 080067FF29C93CAB0025BF1D /* Products */;
			projectDirPath = "";
			projectRoot = "";
			targets = (
				080067FD29C93CAB0025BF1D /* WhatChaUp2 */,
				0800680D29C93CAC0025BF1D /* WhatChaUp2Tests */,
				0800681729C93CAC0025BF1D /* WhatChaUp2UITests */,
			);
		};
/* End PBXProject section */

/* Begin PBXResourcesBuildPhase section */
		080067FC29C93CAB0025BF1D /* Resources */ = {
			isa = PBXResourcesBuildPhase;
			buildActionMask = 2147483647;
			files = (
				0800680929C93CAB0025BF1D /* Preview Assets.xcassets in Resources */,
				0800680629C93CAB0025BF1D /* Assets.xcassets in Resources */,
			);
			runOnlyForDeploymentPostprocessing = 0;
		};
		0800680C29C93CAC0025BF1D /* Resources */ = {
			isa = PBXResourcesBuildPhase;
			buildActionMask = 2147483647;
			files = (
			);
			runOnlyForDeploymentPostprocessing = 0;
		};
		0800681629C93CAC0025BF1D /* Resources */ = {
			isa = PBXResourcesBuildPhase;
			buildActionMask = 2147483647;
			files = (
			);
			runOnlyForDeploymentPostprocessing = 0;
		};
/* End PBXResourcesBuildPhase section */

/* Begin PBXSourcesBuildPhase section */
		080067FA29C93CAB0025BF1D /* Sources */ = {
			isa = PBXSourcesBuildPhase;
			buildActionMask = 2147483647;
			files = (
				0800680429C93CAB0025BF1D /* ContentView.swift in Sources */,
				0800680229C93CAB0025BF1D /* WhatChaUp2App.swift in Sources */,
			);
			runOnlyForDeploymentPostprocessing = 0;
		};
		0800680A29C93CAC0025BF1D /* Sources */ = {
			isa = PBXSourcesBuildPhase;
			buildActionMask = 2147483647;
			files = (
				0800681329C93CAC0025BF1D /* WhatChaUp2Tests.swift in Sources */,
			);
			runOnlyForDeploymentPostprocessing = 0;
		};
		0800681429C93CAC0025BF1D /* Sources */ = {
			isa = PBXSourcesBuildPhase;
			buildActionMask = 2147483647;
			files = (
				0800681D29C93CAC0025BF1D /* WhatChaUp2UITests.swift in Sources */,
				0800681F29C93CAC0025BF1D /* WhatChaUp2UITestsLaunchTests.swift in Sources */,
			);
			runOnlyForDeploymentPostprocessing = 0;
		};
/* End PBXSourcesBuildPhase section */

/* Begin PBXTargetDependency section */
		0800681029C93CAC0025BF1D /* PBXTargetDependency */ = {
			isa = PBXTargetDependency;
			target = 080067FD29C93CAB0025BF1D /* WhatChaUp2 */;
			targetProxy = 0800680F29C93CAC0025BF1D /* PBXContainerItemProxy */;
		};
		0800681A29C93CAC0025BF1D /* PBXTargetDependency */ = {
			isa = PBXTargetDependency;
			target = 080067FD29C93CAB0025BF1D /* WhatChaUp2 */;
			targetProxy = 0800681929C93CAC0025BF1D /* PBXContainerItemProxy */;
		};
/* End PBXTargetDependency section */

/* Begin XCBuildConfiguration section */
		0800682029C93CAC0025BF1D /* Debug */ = {
			isa = XCBuildConfiguration;
			buildSettings = {
				ALWAYS_SEARCH_USER_PATHS = NO;
				CLANG_ANALYZER_NONNULL = YES;
				CLANG_ANALYZER_NUMBER_OBJECT_CONVERSION = YES_AGGRESSIVE;
				CLANG_CXX_LANGUAGE_STANDARD = "gnu++20";
				CLANG_ENABLE_MODULES = YES;
				CLANG_ENABLE_OBJC_ARC = YES;
				CLANG_ENABLE_OBJC_WEAK = YES;
				CLANG_WARN_BLOCK_CAPTURE_AUTORELEASING = YES;
				CLANG_WARN_BOOL_CONVERSION = YES;
				CLANG_WARN_COMMA = YES;
				CLANG_WARN_CONSTANT_CONVERSION = YES;
				CLANG_WARN_DEPRECATED_OBJC_IMPLEMENTATIONS = YES;
				CLANG_WARN_DIRECT_OBJC_ISA_USAGE = YES_ERROR;
				CLANG_WARN_DOCUMENTATION_COMMENTS = YES;
				CLANG_WARN_EMPTY_BODY = YES;
				CLANG_WARN_ENUM_CONVERSION = YES;
				CLANG_WARN_INFINITE_RECURSION = YES;
				CLANG_WARN_INT_CONVERSION = YES;
				CLANG_WARN_NON_LITERAL_NULL_CONVERSION = YES;
				CLANG_WARN_OBJC_IMPLICIT_RETAIN_SELF = YES;
				CLANG_WARN_OBJC_LITERAL_CONVERSION = YES;
				CLANG_WARN_OBJC_ROOT_CLASS = YES_ERROR;
				CLANG_WARN_QUOTED_INCLUDE_IN_FRAMEWORK_HEADER = YES;
				CLANG_WARN_RANGE_LOOP_ANALYSIS = YES;
				CLANG_WARN_STRICT_PROTOTYPES = YES;
				CLANG_WARN_SUSPICIOUS_MOVE = YES;
				CLANG_WARN_UNGUARDED_AVAILABILITY = YES_AGGRESSIVE;
				CLANG_WARN_UNREACHABLE_CODE = YES;
				CLANG_WARN__DUPLICATE_METHOD_MATCH = YES;
				COPY_PHASE_STRIP = NO;
				DEBUG_INFORMATION_FORMAT = dwarf;
				ENABLE_STRICT_OBJC_MSGSEND = YES;
				ENABLE_TESTABILITY = YES;
				GCC_C_LANGUAGE_STANDARD = gnu11;
				GCC_DYNAMIC_NO_PIC = NO;
				GCC_NO_COMMON_BLOCKS = YES;
				GCC_OPTIMIZATION_LEVEL = 0;
				GCC_PREPROCESSOR_DEFINITIONS = (
					"DEBUG=1",
					"$(inherited)",
				);
				GCC_WARN_64_TO_32_BIT_CONVERSION = YES;
				GCC_WARN_ABOUT_RETURN_TYPE = YES_ERROR;
				GCC_WARN_UNDECLARED_SELECTOR = YES;
				GCC_WARN_UNINITIALIZED_AUTOS = YES_AGGRESSIVE;
				GCC_WARN_UNUSED_FUNCTION = YES;
				GCC_WARN_UNUSED_VARIABLE = YES;
				IPHONEOS_DEPLOYMENT_TARGET = 16.2;
				MTL_ENABLE_DEBUG_INFO = INCLUDE_SOURCE;
				MTL_FAST_MATH = YES;
				ONLY_ACTIVE_ARCH = YES;
				SDKROOT = iphoneos;
				SWIFT_ACTIVE_COMPILATION_CONDITIONS = DEBUG;
				SWIFT_OPTIMIZATION_LEVEL = "-Onone";
			};
			name = Debug;
		};
		0800682129C93CAC0025BF1D /* Release */ = {
			isa = XCBuildConfiguration;
			buildSettings = {
				ALWAYS_SEARCH_USER_PATHS = NO;
				CLANG_ANALYZER_NONNULL = YES;
				CLANG_ANALYZER_NUMBER_OBJECT_CONVERSION = YES_AGGRESSIVE;
				CLANG_CXX_LANGUAGE_STANDARD = "gnu++20";
				CLANG_ENABLE_MODULES = YES;
				CLANG_ENABLE_OBJC_ARC = YES;
				CLANG_ENABLE_OBJC_WEAK = YES;
				CLANG_WARN_BLOCK_CAPTURE_AUTORELEASING = YES;
				CLANG_WARN_BOOL_CONVERSION = YES;
				CLANG_WARN_COMMA = YES;
				CLANG_WARN_CONSTANT_CONVERSION = YES;
				CLANG_WARN_DEPRECATED_OBJC_IMPLEMENTATIONS = YES;
				CLANG_WARN_DIRECT_OBJC_ISA_USAGE = YES_ERROR;
				CLANG_WARN_DOCUMENTATION_COMMENTS = YES;
				CLANG_WARN_EMPTY_BODY = YES;
				CLANG_WARN_ENUM_CONVERSION = YES;
				CLANG_WARN_INFINITE_RECURSION = YES;
				CLANG_WARN_INT_CONVERSION = YES;
				CLANG_WARN_NON_LITERAL_NULL_CONVERSION = YES;
				CLANG_WARN_OBJC_IMPLICIT_RETAIN_SELF = YES;
				CLANG_WARN_OBJC_LITERAL_CONVERSION = YES;
				CLANG_WARN_OBJC_ROOT_CLASS = YES_ERROR;
				CLANG_WARN_QUOTED_INCLUDE_IN_FRAMEWORK_HEADER = YES;
				CLANG_WARN_RANGE_LOOP_ANALYSIS = YES;
				CLANG_WARN_STRICT_PROTOTYPES = YES;
				CLANG_WARN_SUSPICIOUS_MOVE = YES;
				CLANG_WARN_UNGUARDED_AVAILABILITY = YES_AGGRESSIVE;
				CLANG_WARN_UNREACHABLE_CODE = YES;
				CLANG_WARN__DUPLICATE_METHOD_MATCH = YES;
				COPY_PHASE_STRIP = NO;
				DEBUG_INFORMATION_FORMAT = "dwarf-with-dsym";
				ENABLE_NS_ASSERTIONS = NO;
				ENABLE_STRICT_OBJC_MSGSEND = YES;
				GCC_C_LANGUAGE_STANDARD = gnu11;
				GCC_NO_COMMON_BLOCKS = YES;
				GCC_WARN_64_TO_32_BIT_CONVERSION = YES;
				GCC_WARN_ABOUT_RETURN_TYPE = YES_ERROR;
				GCC_WARN_UNDECLARED_SELECTOR = YES;
				GCC_WARN_UNINITIALIZED_AUTOS = YES_AGGRESSIVE;
				GCC_WARN_UNUSED_FUNCTION = YES;
				GCC_WARN_UNUSED_VARIABLE = YES;
				IPHONEOS_DEPLOYMENT_TARGET = 16.2;
				MTL_ENABLE_DEBUG_INFO = NO;
				MTL_FAST_MATH = YES;
				SDKROOT = iphoneos;
				SWIFT_COMPILATION_MODE = wholemodule;
				SWIFT_OPTIMIZATION_LEVEL = "-O";
				VALIDATE_PRODUCT = YES;
			};
			name = Release;
		};
		0800682329C93CAC0025BF1D /* Debug */ = {
			isa = XCBuildConfiguration;
			buildSettings = {
				ASSETCATALOG_COMPILER_APPICON_NAME = AppIcon;
				ASSETCATALOG_COMPILER_GLOBAL_ACCENT_COLOR_NAME = AccentColor;
				CODE_SIGN_STYLE = Automatic;
				CURRENT_PROJECT_VERSION = 1;
				DEVELOPMENT_ASSET_PATHS = "\"WhatChaUp2/Preview Content\"";
				DEVELOPMENT_TEAM = 9SAQ42S589;
				ENABLE_PREVIEWS = YES;
				GENERATE_INFOPLIST_FILE = YES;
				INFOPLIST_KEY_UIApplicationSceneManifest_Generation = YES;
				INFOPLIST_KEY_UIApplicationSupportsIndirectInputEvents = YES;
				INFOPLIST_KEY_UILaunchScreen_Generation = YES;
				INFOPLIST_KEY_UISupportedInterfaceOrientations_iPad = "UIInterfaceOrientationPortrait UIInterfaceOrientationPortraitUpsideDown UIInterfaceOrientationLandscapeLeft UIInterfaceOrientationLandscapeRight";
				INFOPLIST_KEY_UISupportedInterfaceOrientations_iPhone = "UIInterfaceOrientationPortrait UIInterfaceOrientationLandscapeLeft UIInterfaceOrientationLandscapeRight";
				LD_RUNPATH_SEARCH_PATHS = (
					"$(inherited)",
					"@executable_path/Frameworks",
				);
				MARKETING_VERSION = 1.0;
				PRODUCT_BUNDLE_IDENTIFIER = com.vivianphung.WhatChaUp2;
				PRODUCT_NAME = "$(TARGET_NAME)";
				SWIFT_EMIT_LOC_STRINGS = YES;
				SWIFT_VERSION = 5.0;
				TARGETED_DEVICE_FAMILY = "1,2";
			};
			name = Debug;
		};
		0800682429C93CAC0025BF1D /* Release */ = {
			isa = XCBuildConfiguration;
			buildSettings = {
				ASSETCATALOG_COMPILER_APPICON_NAME = AppIcon;
				ASSETCATALOG_COMPILER_GLOBAL_ACCENT_COLOR_NAME = AccentColor;
				CODE_SIGN_STYLE = Automatic;
				CURRENT_PROJECT_VERSION = 1;
				DEVELOPMENT_ASSET_PATHS = "\"WhatChaUp2/Preview Content\"";
				DEVELOPMENT_TEAM = 9SAQ42S589;
				ENABLE_PREVIEWS = YES;
				GENERATE_INFOPLIST_FILE = YES;
				INFOPLIST_KEY_UIApplicationSceneManifest_Generation = YES;
				INFOPLIST_KEY_UIApplicationSupportsIndirectInputEvents = YES;
				INFOPLIST_KEY_UILaunchScreen_Generation = YES;
				INFOPLIST_KEY_UISupportedInterfaceOrientations_iPad = "UIInterfaceOrientationPortrait UIInterfaceOrientationPortraitUpsideDown UIInterfaceOrientationLandscapeLeft UIInterfaceOrientationLandscapeRight";
				INFOPLIST_KEY_UISupportedInterfaceOrientations_iPhone = "UIInterfaceOrientationPortrait UIInterfaceOrientationLandscapeLeft UIInterfaceOrientationLandscapeRight";
				LD_RUNPATH_SEARCH_PATHS = (
					"$(inherited)",
					"@executable_path/Frameworks",
				);
				MARKETING_VERSION = 1.0;
				PRODUCT_BUNDLE_IDENTIFIER = com.vivianphung.WhatChaUp2;
				PRODUCT_NAME = "$(TARGET_NAME)";
				SWIFT_EMIT_LOC_STRINGS = YES;
				SWIFT_VERSION = 5.0;
				TARGETED_DEVICE_FAMILY = "1,2";
			};
			name = Release;
		};
		0800682629C93CAC0025BF1D /* Debug */ = {
			isa = XCBuildConfiguration;
			buildSettings = {
				ALWAYS_EMBED_SWIFT_STANDARD_LIBRARIES = YES;
				BUNDLE_LOADER = "$(TEST_HOST)";
				CODE_SIGN_STYLE = Automatic;
				CURRENT_PROJECT_VERSION = 1;
				DEVELOPMENT_TEAM = 9SAQ42S589;
				GENERATE_INFOPLIST_FILE = YES;
				IPHONEOS_DEPLOYMENT_TARGET = 16.2;
				MARKETING_VERSION = 1.0;
				PRODUCT_BUNDLE_IDENTIFIER = com.vivianphung.WhatChaUp2Tests;
				PRODUCT_NAME = "$(TARGET_NAME)";
				SWIFT_EMIT_LOC_STRINGS = NO;
				SWIFT_VERSION = 5.0;
				TARGETED_DEVICE_FAMILY = "1,2";
				TEST_HOST = "$(BUILT_PRODUCTS_DIR)/WhatChaUp2.app/$(BUNDLE_EXECUTABLE_FOLDER_PATH)/WhatChaUp2";
			};
			name = Debug;
		};
		0800682729C93CAC0025BF1D /* Release */ = {
			isa = XCBuildConfiguration;
			buildSettings = {
				ALWAYS_EMBED_SWIFT_STANDARD_LIBRARIES = YES;
				BUNDLE_LOADER = "$(TEST_HOST)";
				CODE_SIGN_STYLE = Automatic;
				CURRENT_PROJECT_VERSION = 1;
				DEVELOPMENT_TEAM = 9SAQ42S589;
				GENERATE_INFOPLIST_FILE = YES;
				IPHONEOS_DEPLOYMENT_TARGET = 16.2;
				MARKETING_VERSION = 1.0;
				PRODUCT_BUNDLE_IDENTIFIER = com.vivianphung.WhatChaUp2Tests;
				PRODUCT_NAME = "$(TARGET_NAME)";
				SWIFT_EMIT_LOC_STRINGS = NO;
				SWIFT_VERSION = 5.0;
				TARGETED_DEVICE_FAMILY = "1,2";
				TEST_HOST = "$(BUILT_PRODUCTS_DIR)/WhatChaUp2.app/$(BUNDLE_EXECUTABLE_FOLDER_PATH)/WhatChaUp2";
			};
			name = Release;
		};
		0800682929C93CAC0025BF1D /* Debug */ = {
			isa = XCBuildConfiguration;
			buildSettings = {
				ALWAYS_EMBED_SWIFT_STANDARD_LIBRARIES = YES;
				CODE_SIGN_STYLE = Automatic;
				CURRENT_PROJECT_VERSION = 1;
				DEVELOPMENT_TEAM = 9SAQ42S589;
				GENERATE_INFOPLIST_FILE = YES;
				MARKETING_VERSION = 1.0;
				PRODUCT_BUNDLE_IDENTIFIER = com.vivianphung.WhatChaUp2UITests;
				PRODUCT_NAME = "$(TARGET_NAME)";
				SWIFT_EMIT_LOC_STRINGS = NO;
				SWIFT_VERSION = 5.0;
				TARGETED_DEVICE_FAMILY = "1,2";
				TEST_TARGET_NAME = WhatChaUp2;
			};
			name = Debug;
		};
		0800682A29C93CAC0025BF1D /* Release */ = {
			isa = XCBuildConfiguration;
			buildSettings = {
				ALWAYS_EMBED_SWIFT_STANDARD_LIBRARIES = YES;
				CODE_SIGN_STYLE = Automatic;
				CURRENT_PROJECT_VERSION = 1;
				DEVELOPMENT_TEAM = 9SAQ42S589;
				GENERATE_INFOPLIST_FILE = YES;
				MARKETING_VERSION = 1.0;
				PRODUCT_BUNDLE_IDENTIFIER = com.vivianphung.WhatChaUp2UITests;
				PRODUCT_NAME = "$(TARGET_NAME)";
				SWIFT_EMIT_LOC_STRINGS = NO;
				SWIFT_VERSION = 5.0;
				TARGETED_DEVICE_FAMILY = "1,2";
				TEST_TARGET_NAME = WhatChaUp2;
			};
			name = Release;
		};
/* End XCBuildConfiguration section */

/* Begin XCConfigurationList section */
		080067F929C93CAB0025BF1D /* Build configuration list for PBXProject "WhatChaUp2" */ = {
			isa = XCConfigurationList;
			buildConfigurations = (
				0800682029C93CAC0025BF1D /* Debug */,
				0800682129C93CAC0025BF1D /* Release */,
			);
			defaultConfigurationIsVisible = 0;
			defaultConfigurationName = Release;
		};
		0800682229C93CAC0025BF1D /* Build configuration list for PBXNativeTarget "WhatChaUp2" */ = {
			isa = XCConfigurationList;
			buildConfigurations = (
				0800682329C93CAC0025BF1D /* Debug */,
				0800682429C93CAC0025BF1D /* Release */,
			);
			defaultConfigurationIsVisible = 0;
			defaultConfigurationName = Release;
		};
		0800682529C93CAC0025BF1D /* Build configuration list for PBXNativeTarget "WhatChaUp2Tests" */ = {
			isa = XCConfigurationList;
			buildConfigurations = (
				0800682629C93CAC0025BF1D /* Debug */,
				0800682729C93CAC0025BF1D /* Release */,
			);
			defaultConfigurationIsVisible = 0;
			defaultConfigurationName = Release;
		};
		0800682829C93CAC0025BF1D /* Build configuration list for PBXNativeTarget "WhatChaUp2UITests" */ = {
			isa = XCConfigurationList;
			buildConfigurations = (
				0800682929C93CAC0025BF1D /* Debug */,
				0800682A29C93CAC0025BF1D /* Release */,
			);
			defaultConfigurationIsVisible = 0;
			defaultConfigurationName = Release;
		};
/* End XCConfigurationList section */
	};
	rootObject = 080067F629C93CAB0025BF1D /* Project object */;
}
